
Microsoft Visual Studio Solution File, Format Version 12.00
# Visual Studio 15
VisualStudioVersion = 15.0.28307.438
MinimumVisualStudioVersion = 10.0.40219.1
Project("{FAE04EC0-301F-11D3-BF4B-00C04F79EFBC}") = "PharmaCare", "PharmaCare.csproj", "{AE02C29B-4B83-43E5-BB6A-3CC96E0F4162}"
EndProject
Global
	GlobalSection(SolutionConfigurationPlatforms) = preSolution
		Debug|Any CPU = Debug|Any CPU
		Release|Any CPU = Release|Any CPU
	EndGlobalSection
	GlobalSection(ProjectConfigurationPlatforms) = postSolution
		{AE02C29B-4B83-43E5-BB6A-3CC96E0F4162}.Debug|Any CPU.ActiveCfg = Debug|Any CPU
		{AE02C29B-4B83-43E5-BB6A-3CC96E0F4162}.Debug|Any CPU.Build.0 = Debug|Any CPU
		{AE02C29B-4B83-43E5-BB6A-3CC96E0F4162}.Release|Any CPU.ActiveCfg = Release|Any CPU
		{AE02C29B-4B83-43E5-BB6A-3CC96E0F4162}.Release|Any CPU.Build.0 = Release|Any CPU
	EndGlobalSection
	GlobalSection(SolutionProperties) = preSolution
		HideSolutionNode = FALSE
	EndGlobalSection
	GlobalSection(ExtensibilityGlobals) = postSolution
		SolutionGuid = {EDA8473C-48BA-4FE4-AB57-54CE0BF6C030}
	EndGlobalSection
EndGlobal
